{
  "name": "pandoc-plantuml",
  "version": "1.0.0",
  "lockfileVersion": 1,
  "requires": true,
  "dependencies": {
    "get-stdin": {
      "version": "0.1.0",
      "resolved": "https://registry.npmjs.org/get-stdin/-/get-stdin-0.1.0.tgz",
      "integrity": "sha1-WZivJKr8gC0VyCxoVlfuuLENSpE="
    },
    "pako": {
      "version": "1.0.3",
      "resolved": "https://registry.npmjs.org/pako/-/pako-1.0.3.tgz",
      "integrity": "sha1-X1FbDGci4ZgpIK6ABerLC3ynPM8="
    },
    "pandoc-filter": {
      "version": "1.0.0",
      "resolved": "https://registry.npmjs.org/pandoc-filter/-/pandoc-filter-1.0.0.tgz",
      "integrity": "sha512-sBM4ENCmqiZBa7QRHvwiOHQ2DD54r+zZ3h6miaSwqJds4rfc8p8fa7TN0Fkl93ouur9W4D8zYWFGnqKhyZ8Kng==",
      "requires": {
        "get-stdin": "0.1.0"
      }
    },
    "plantuml-encoder": {
      "version": "1.2.5",
      "resolved": "https://registry.npmjs.org/plantuml-encoder/-/plantuml-encoder-1.2.5.tgz",
      "integrity": "sha512-viV7Sz+BJNX/sC3iyebh2VfLyAZKuu3+JuBs2ISms8+zoTGwPqwk3/WEDw/zROmGAJ/xD4sNd8zsBw/YmTo7ng==",
      "requires": {
        "pako": "1.0.3",
        "utf8-bytes": "0.0.1"
      }
    },
    "utf8-bytes": {
      "version": "0.0.1",
      "resolved": "https://registry.npmjs.org/utf8-bytes/-/utf8-bytes-0.0.1.tgz",
      "integrity": "sha1-EWsCVEjJtQAIHN+/H01sbDfYg30="
    }
  }
}
